
Microsoft Visual Studio Solution File, Format Version 12.00
# Visual Studio Version 17
VisualStudioVersion = 17.10.35013.160
MinimumVisualStudioVersion = 10.0.40219.1
Project("{9A19103F-16F7-4668-BE54-9A1E7A4F7556}") = "CSharp", "CSharp\CSharp.csproj", "{52D664CF-7596-4718-AAD6-87A0751235E2}"
EndProject
Project("{9A19103F-16F7-4668-BE54-9A1E7A4F7556}") = "Test", "Test\Test.csproj", "{410E4903-E671-410E-8385-9AE40F7AC0B7}"
EndProject
Project("{9A19103F-16F7-4668-BE54-9A1E7A4F7556}") = "TypeInCSharp", "TypeInCSharp\TypeInCSharp.csproj", "{F3ADF59E-C2C8-4985-9292-EA8448C92DE6}"
EndProject
Project("{FAE04EC0-301F-11D3-BF4B-00C04F79EFBC}") = "MaxMin", "MaxMin\MaxMin.csproj", "{2E739A17-D25B-4839-BE3D-2848928F2CD5}"
EndProject
Global
	GlobalSection(SolutionConfigurationPlatforms) = preSolution
		Debug|Any CPU = Debug|Any CPU
		Release|Any CPU = Release|Any CPU
	EndGlobalSection
	GlobalSection(ProjectConfigurationPlatforms) = postSolution
		{52D664CF-7596-4718-AAD6-87A0751235E2}.Debug|Any CPU.ActiveCfg = Debug|Any CPU
		{52D664CF-7596-4718-AAD6-87A0751235E2}.Debug|Any CPU.Build.0 = Debug|Any CPU
		{52D664CF-7596-4718-AAD6-87A0751235E2}.Release|Any CPU.ActiveCfg = Release|Any CPU
		{52D664CF-7596-4718-AAD6-87A0751235E2}.Release|Any CPU.Build.0 = Release|Any CPU
		{410E4903-E671-410E-8385-9AE40F7AC0B7}.Debug|Any CPU.ActiveCfg = Debug|Any CPU
		{410E4903-E671-410E-8385-9AE40F7AC0B7}.Debug|Any CPU.Build.0 = Debug|Any CPU
		{410E4903-E671-410E-8385-9AE40F7AC0B7}.Release|Any CPU.ActiveCfg = Release|Any CPU
		{410E4903-E671-410E-8385-9AE40F7AC0B7}.Release|Any CPU.Build.0 = Release|Any CPU
		{F3ADF59E-C2C8-4985-9292-EA8448C92DE6}.Debug|Any CPU.ActiveCfg = Debug|Any CPU
		{F3ADF59E-C2C8-4985-9292-EA8448C92DE6}.Debug|Any CPU.Build.0 = Debug|Any CPU
		{F3ADF59E-C2C8-4985-9292-EA8448C92DE6}.Release|Any CPU.ActiveCfg = Release|Any CPU
		{F3ADF59E-C2C8-4985-9292-EA8448C92DE6}.Release|Any CPU.Build.0 = Release|Any CPU
		{2E739A17-D25B-4839-BE3D-2848928F2CD5}.Debug|Any CPU.ActiveCfg = Debug|Any CPU
		{2E739A17-D25B-4839-BE3D-2848928F2CD5}.Debug|Any CPU.Build.0 = Debug|Any CPU
		{2E739A17-D25B-4839-BE3D-2848928F2CD5}.Release|Any CPU.ActiveCfg = Release|Any CPU
		{2E739A17-D25B-4839-BE3D-2848928F2CD5}.Release|Any CPU.Build.0 = Release|Any CPU
	EndGlobalSection
	GlobalSection(SolutionProperties) = preSolution
		HideSolutionNode = FALSE
	EndGlobalSection
	GlobalSection(ExtensibilityGlobals) = postSolution
		SolutionGuid = {F3611D43-6D50-4FAB-97BB-AE5B42C4A0B7}
	EndGlobalSection
EndGlobal
